// !$*UTF8*$!
{
	archiveVersion = 1;
	classes = {
	};
	objectVersion = 56;
	objects = {

/* Begin PBXBuildFile section */
		5C93ABAF2B311D7C00292CEC /* DrawDemoApp.swift in Sources */ = {isa = PBXBuildFile; fileRef = 5C93ABAE2B311D7C00292CEC /* DrawDemoApp.swift */; };
		5C93ABB12B311D7C00292CEC /* ContentView.swift in Sources */ = {isa = PBXBuildFile; fileRef = 5C93ABB02B311D7C00292CEC /* ContentView.swift */; };
		5C93ABB32B311D7E00292CEC /* Assets.xcassets in Resources */ = {isa = PBXBuildFile; fileRef = 5C93ABB22B311D7E00292CEC /* Assets.xcassets */; };
		5C93ABB72B311D7E00292CEC /* Preview Assets.xcassets in Resources */ = {isa = PBXBuildFile; fileRef = 5C93ABB62B311D7E00292CEC /* Preview Assets.xcassets */; };
		5C93ABC12B311D7E00292CEC /* DrawDemoTests.swift in Sources */ = {isa = PBXBuildFile; fileRef = 5C93ABC02B311D7E00292CEC /* DrawDemoTests.swift */; };
		5C93ABCB2B311D7E00292CEC /* DrawDemoUITests.swift in Sources */ = {isa = PBXBuildFile; fileRef = 5C93ABCA2B311D7E00292CEC /* DrawDemoUITests.swift */; };
		5C93ABCD2B311D7E00292CEC /* DrawDemoUITestsLaunchTests.swift in Sources */ = {isa = PBXBuildFile; fileRef = 5C93ABCC2B311D7E00292CEC /* DrawDemoUITestsLaunchTests.swift */; };
		5C93ABDA2B31368000292CEC /* DrawView01.swift in Sources */ = {isa = PBXBuildFile; fileRef = 5C93ABD92B31368000292CEC /* DrawView01.swift */; };
		5C93ABDC2B31522100292CEC /* DrawView02.swift in Sources */ = {isa = PBXBuildFile; fileRef = 5C93ABDB2B31522100292CEC /* DrawView02.swift */; };
		5C93ABDE2B31626A00292CEC /* DrawView03.swift in Sources */ = {isa = PBXBuildFile; fileRef = 5C93ABDD2B31626A00292CEC /* DrawView03.swift */; };
		5C93ABE02B3163F500292CEC /* DrawView04.swift in Sources */ = {isa = PBXBuildFile; fileRef = 5C93ABDF2B3163F500292CEC /* DrawView04.swift */; };
		5C93ABE22B31640200292CEC /* DrawView05.swift in Sources */ = {isa = PBXBuildFile; fileRef = 5C93ABE12B31640200292CEC /* DrawView05.swift */; };
		5C93AC582B32704B00292CEC /* ShapeView.swift in Sources */ = {isa = PBXBuildFile; fileRef = 5C93AC572B32704B00292CEC /* ShapeView.swift */; };
		5C93AC5A2B32706C00292CEC /* PathView.swift in Sources */ = {isa = PBXBuildFile; fileRef = 5C93AC592B32706C00292CEC /* PathView.swift */; };
		5C93AC5C2B32709B00292CEC /* GradientShadowView.swift in Sources */ = {isa = PBXBuildFile; fileRef = 5C93AC5B2B32709B00292CEC /* GradientShadowView.swift */; };
		5C93AC5F2B32719B00292CEC /* AniNavigationMenuView.swift in Sources */ = {isa = PBXBuildFile; fileRef = 5C93AC5E2B32719B00292CEC /* AniNavigationMenuView.swift */; };
/* End PBXBuildFile section */

/* Begin PBXContainerItemProxy section */
		5C93ABBD2B311D7E00292CEC /* PBXContainerItemProxy */ = {
			isa = PBXContainerItemProxy;
			containerPortal = 5C93ABA32B311D7C00292CEC /* Project object */;
			proxyType = 1;
			remoteGlobalIDString = 5C93ABAA2B311D7C00292CEC;
			remoteInfo = DrawDemo;
		};
		5C93ABC72B311D7E00292CEC /* PBXContainerItemProxy */ = {
			isa = PBXContainerItemProxy;
			containerPortal = 5C93ABA32B311D7C00292CEC /* Project object */;
			proxyType = 1;
			remoteGlobalIDString = 5C93ABAA2B311D7C00292CEC;
			remoteInfo = DrawDemo;
		};
/* End PBXContainerItemProxy section */

/* Begin PBXFileReference section */
		5C93ABAB2B311D7C00292CEC /* DrawDemo.app */ = {isa = PBXFileReference; explicitFileType = wrapper.application; includeInIndex = 0; path = DrawDemo.app; sourceTree = BUILT_PRODUCTS_DIR; };
		5C93ABAE2B311D7C00292CEC /* DrawDemoApp.swift */ = {isa = PBXFileReference; lastKnownFileType = sourcecode.swift; path = DrawDemoApp.swift; sourceTree = "<group>"; };
		5C93ABB02B311D7C00292CEC /* ContentView.swift */ = {isa = PBXFileReference; lastKnownFileType = sourcecode.swift; path = ContentView.swift; sourceTree = "<group>"; };
		5C93ABB22B311D7E00292CEC /* Assets.xcassets */ = {isa = PBXFileReference; lastKnownFileType = folder.assetcatalog; path = Assets.xcassets; sourceTree = "<group>"; };
		5C93ABB42B311D7E00292CEC /* DrawDemo.entitlements */ = {isa = PBXFileReference; lastKnownFileType = text.plist.entitlements; path = DrawDemo.entitlements; sourceTree = "<group>"; };
		5C93ABB62B311D7E00292CEC /* Preview Assets.xcassets */ = {isa = PBXFileReference; lastKnownFileType = folder.assetcatalog; path = "Preview Assets.xcassets"; sourceTree = "<group>"; };
		5C93ABBC2B311D7E00292CEC /* DrawDemoTests.xctest */ = {isa = PBXFileReference; explicitFileType = wrapper.cfbundle; includeInIndex = 0; path = DrawDemoTests.xctest; sourceTree = BUILT_PRODUCTS_DIR; };
		5C93ABC02B311D7E00292CEC /* DrawDemoTests.swift */ = {isa = PBXFileReference; lastKnownFileType = sourcecode.swift; path = DrawDemoTests.swift; sourceTree = "<group>"; };
		5C93ABC62B311D7E00292CEC /* DrawDemoUITests.xctest */ = {isa = PBXFileReference; explicitFileType = wrapper.cfbundle; includeInIndex = 0; path = DrawDemoUITests.xctest; sourceTree = BUILT_PRODUCTS_DIR; };
		5C93ABCA2B311D7E00292CEC /* DrawDemoUITests.swift */ = {isa = PBXFileReference; lastKnownFileType = sourcecode.swift; path = DrawDemoUITests.swift; sourceTree = "<group>"; };
		5C93ABCC2B311D7E00292CEC /* DrawDemoUITestsLaunchTests.swift */ = {isa = PBXFileReference; lastKnownFileType = sourcecode.swift; path = DrawDemoUITestsLaunchTests.swift; sourceTree = "<group>"; };
		5C93ABD92B31368000292CEC /* DrawView01.swift */ = {isa = PBXFileReference; lastKnownFileType = sourcecode.swift; path = DrawView01.swift; sourceTree = "<group>"; };
		5C93ABDB2B31522100292CEC /* DrawView02.swift */ = {isa = PBXFileReference; lastKnownFileType = sourcecode.swift; path = DrawView02.swift; sourceTree = "<group>"; };
		5C93ABDD2B31626A00292CEC /* DrawView03.swift */ = {isa = PBXFileReference; lastKnownFileType = sourcecode.swift; path = DrawView03.swift; sourceTree = "<group>"; };
		5C93ABDF2B3163F500292CEC /* DrawView04.swift */ = {isa = PBXFileReference; lastKnownFileType = sourcecode.swift; path = DrawView04.swift; sourceTree = "<group>"; };
		5C93ABE12B31640200292CEC /* DrawView05.swift */ = {isa = PBXFileReference; lastKnownFileType = sourcecode.swift; path = DrawView05.swift; sourceTree = "<group>"; };
		5C93AC572B32704B00292CEC /* ShapeView.swift */ = {isa = PBXFileReference; lastKnownFileType = sourcecode.swift; path = ShapeView.swift; sourceTree = "<group>"; };
		5C93AC592B32706C00292CEC /* PathView.swift */ = {isa = PBXFileReference; lastKnownFileType = sourcecode.swift; path = PathView.swift; sourceTree = "<group>"; };
		5C93AC5B2B32709B00292CEC /* GradientShadowView.swift */ = {isa = PBXFileReference; lastKnownFileType = sourcecode.swift; path = GradientShadowView.swift; sourceTree = "<group>"; };
		5C93AC5E2B32719B00292CEC /* AniNavigationMenuView.swift */ = {isa = PBXFileReference; lastKnownFileType = sourcecode.swift; path = AniNavigationMenuView.swift; sourceTree = "<group>"; };
/* End PBXFileReference section */

/* Begin PBXFrameworksBuildPhase section */
		5C93ABA82B311D7C00292CEC /* Frameworks */ = {
			isa = PBXFrameworksBuildPhase;
			buildActionMask = 2147483647;
			files = (
			);
			runOnlyForDeploymentPostprocessing = 0;
		};
		5C93ABB92B311D7E00292CEC /* Frameworks */ = {
			isa = PBXFrameworksBuildPhase;
			buildActionMask = 2147483647;
			files = (
			);
			runOnlyForDeploymentPostprocessing = 0;
		};
		5C93ABC32B311D7E00292CEC /* Frameworks */ = {
			isa = PBXFrameworksBuildPhase;
			buildActionMask = 2147483647;
			files = (
			);
			runOnlyForDeploymentPostprocessing = 0;
		};
/* End PBXFrameworksBuildPhase section */

/* Begin PBXGroup section */
		5C93ABA22B311D7C00292CEC = {
			isa = PBXGroup;
			children = (
				5C93ABAD2B311D7C00292CEC /* DrawDemo */,
				5C93ABBF2B311D7E00292CEC /* DrawDemoTests */,
				5C93ABC92B311D7E00292CEC /* DrawDemoUITests */,
				5C93ABAC2B311D7C00292CEC /* Products */,
			);
			sourceTree = "<group>";
		};
		5C93ABAC2B311D7C00292CEC /* Products */ = {
			isa = PBXGroup;
			children = (
				5C93ABAB2B311D7C00292CEC /* DrawDemo.app */,
				5C93ABBC2B311D7E00292CEC /* DrawDemoTests.xctest */,
				5C93ABC62B311D7E00292CEC /* DrawDemoUITests.xctest */,
			);
			name = Products;
			sourceTree = "<group>";
		};
		5C93ABAD2B311D7C00292CEC /* DrawDemo */ = {
			isa = PBXGroup;
			children = (
				5C93ABAE2B311D7C00292CEC /* DrawDemoApp.swift */,
				5C93ABB02B311D7C00292CEC /* ContentView.swift */,
				5C93AC5E2B32719B00292CEC /* AniNavigationMenuView.swift */,
				5C93AC562B32703100292CEC /* View */,
				5C93AC5D2B32713F00292CEC /* PracticeView */,
				5C93ABB22B311D7E00292CEC /* Assets.xcassets */,
				5C93ABB42B311D7E00292CEC /* DrawDemo.entitlements */,
				5C93ABB52B311D7E00292CEC /* Preview Content */,
			);
			path = DrawDemo;
			sourceTree = "<group>";
		};
		5C93ABB52B311D7E00292CEC /* Preview Content */ = {
			isa = PBXGroup;
			children = (
				5C93ABB62B311D7E00292CEC /* Preview Assets.xcassets */,
			);
			path = "Preview Content";
			sourceTree = "<group>";
		};
		5C93ABBF2B311D7E00292CEC /* DrawDemoTests */ = {
			isa = PBXGroup;
			children = (
				5C93ABC02B311D7E00292CEC /* DrawDemoTests.swift */,
			);
			path = DrawDemoTests;
			sourceTree = "<group>";
		};
		5C93ABC92B311D7E00292CEC /* DrawDemoUITests */ = {
			isa = PBXGroup;
			children = (
				5C93ABCA2B311D7E00292CEC /* DrawDemoUITests.swift */,
				5C93ABCC2B311D7E00292CEC /* DrawDemoUITestsLaunchTests.swift */,
			);
			path = DrawDemoUITests;
			sourceTree = "<group>";
		};
		5C93AC562B32703100292CEC /* View */ = {
			isa = PBXGroup;
			children = (
				5C93AC572B32704B00292CEC /* ShapeView.swift */,
				5C93AC592B32706C00292CEC /* PathView.swift */,
				5C93AC5B2B32709B00292CEC /* GradientShadowView.swift */,
			);
			path = View;
			sourceTree = "<group>";
		};
		5C93AC5D2B32713F00292CEC /* PracticeView */ = {
			isa = PBXGroup;
			children = (
				5C93ABD92B31368000292CEC /* DrawView01.swift */,
				5C93ABDB2B31522100292CEC /* DrawView02.swift */,
				5C93ABDD2B31626A00292CEC /* DrawView03.swift */,
				5C93ABDF2B3163F500292CEC /* DrawView04.swift */,
				5C93ABE12B31640200292CEC /* DrawView05.swift */,
			);
			path = PracticeView;
			sourceTree = "<group>";
		};
/* End PBXGroup section */

/* Begin PBXNativeTarget section */
		5C93ABAA2B311D7C00292CEC /* DrawDemo */ = {
			isa = PBXNativeTarget;
			buildConfigurationList = 5C93ABD02B311D7E00292CEC /* Build configuration list for PBXNativeTarget "DrawDemo" */;
			buildPhases = (
				5C93ABA72B311D7C00292CEC /* Sources */,
				5C93ABA82B311D7C00292CEC /* Frameworks */,
				5C93ABA92B311D7C00292CEC /* Resources */,
			);
			buildRules = (
			);
			dependencies = (
			);
			name = DrawDemo;
			productName = DrawDemo;
			productReference = 5C93ABAB2B311D7C00292CEC /* DrawDemo.app */;
			productType = "com.apple.product-type.application";
		};
		5C93ABBB2B311D7E00292CEC /* DrawDemoTests */ = {
			isa = PBXNativeTarget;
			buildConfigurationList = 5C93ABD32B311D7E00292CEC /* Build configuration list for PBXNativeTarget "DrawDemoTests" */;
			buildPhases = (
				5C93ABB82B311D7E00292CEC /* Sources */,
				5C93ABB92B311D7E00292CEC /* Frameworks */,
				5C93ABBA2B311D7E00292CEC /* Resources */,
			);
			buildRules = (
			);
			dependencies = (
				5C93ABBE2B311D7E00292CEC /* PBXTargetDependency */,
			);
			name = DrawDemoTests;
			productName = DrawDemoTests;
			productReference = 5C93ABBC2B311D7E00292CEC /* DrawDemoTests.xctest */;
			productType = "com.apple.product-type.bundle.unit-test";
		};
		5C93ABC52B311D7E00292CEC /* DrawDemoUITests */ = {
			isa = PBXNativeTarget;
			buildConfigurationList = 5C93ABD62B311D7E00292CEC /* Build configuration list for PBXNativeTarget "DrawDemoUITests" */;
			buildPhases = (
				5C93ABC22B311D7E00292CEC /* Sources */,
				5C93ABC32B311D7E00292CEC /* Frameworks */,
				5C93ABC42B311D7E00292CEC /* Resources */,
			);
			buildRules = (
			);
			dependencies = (
				5C93ABC82B311D7E00292CEC /* PBXTargetDependency */,
			);
			name = DrawDemoUITests;
			productName = DrawDemoUITests;
			productReference = 5C93ABC62B311D7E00292CEC /* DrawDemoUITests.xctest */;
			productType = "com.apple.product-type.bundle.ui-testing";
		};
/* End PBXNativeTarget section */

/* Begin PBXProject section */
		5C93ABA32B311D7C00292CEC /* Project object */ = {
			isa = PBXProject;
			attributes = {
				BuildIndependentTargetsInParallel = 1;
				LastSwiftUpdateCheck = 1500;
				LastUpgradeCheck = 1500;
				TargetAttributes = {
					5C93ABAA2B311D7C00292CEC = {
						CreatedOnToolsVersion = 15.0.1;
					};
					5C93ABBB2B311D7E00292CEC = {
						CreatedOnToolsVersion = 15.0.1;
						TestTargetID = 5C93ABAA2B311D7C00292CEC;
					};
					5C93ABC52B311D7E00292CEC = {
						CreatedOnToolsVersion = 15.0.1;
						TestTargetID = 5C93ABAA2B311D7C00292CEC;
					};
				};
			};
			buildConfigurationList = 5C93ABA62B311D7C00292CEC /* Build configuration list for PBXProject "DrawDemo" */;
			compatibilityVersion = "Xcode 14.0";
			developmentRegion = en;
			hasScannedForEncodings = 0;
			knownRegions = (
				en,
				Base,
			);
			mainGroup = 5C93ABA22B311D7C00292CEC;
			productRefGroup = 5C93ABAC2B311D7C00292CEC /* Products */;
			projectDirPath = "";
			projectRoot = "";
			targets = (
				5C93ABAA2B311D7C00292CEC /* DrawDemo */,
				5C93ABBB2B311D7E00292CEC /* DrawDemoTests */,
				5C93ABC52B311D7E00292CEC /* DrawDemoUITests */,
			);
		};
/* End PBXProject section */

/* Begin PBXResourcesBuildPhase section */
		5C93ABA92B311D7C00292CEC /* Resources */ = {
			isa = PBXResourcesBuildPhase;
			buildActionMask = 2147483647;
			files = (
				5C93ABB72B311D7E00292CEC /* Preview Assets.xcassets in Resources */,
				5C93ABB32B311D7E00292CEC /* Assets.xcassets in Resources */,
			);
			runOnlyForDeploymentPostprocessing = 0;
		};
		5C93ABBA2B311D7E00292CEC /* Resources */ = {
			isa = PBXResourcesBuildPhase;
			buildActionMask = 2147483647;
			files = (
			);
			runOnlyForDeploymentPostprocessing = 0;
		};
		5C93ABC42B311D7E00292CEC /* Resources */ = {
			isa = PBXResourcesBuildPhase;
			buildActionMask = 2147483647;
			files = (
			);
			runOnlyForDeploymentPostprocessing = 0;
		};
/* End PBXResourcesBuildPhase section */

/* Begin PBXSourcesBuildPhase section */
		5C93ABA72B311D7C00292CEC /* Sources */ = {
			isa = PBXSourcesBuildPhase;
			buildActionMask = 2147483647;
			files = (
				5C93ABB12B311D7C00292CEC /* ContentView.swift in Sources */,
				5C93ABDE2B31626A00292CEC /* DrawView03.swift in Sources */,
				5C93AC5C2B32709B00292CEC /* GradientShadowView.swift in Sources */,
				5C93ABE22B31640200292CEC /* DrawView05.swift in Sources */,
				5C93ABE02B3163F500292CEC /* DrawView04.swift in Sources */,
				5C93AC5F2B32719B00292CEC /* AniNavigationMenuView.swift in Sources */,
				5C93AC5A2B32706C00292CEC /* PathView.swift in Sources */,
				5C93ABAF2B311D7C00292CEC /* DrawDemoApp.swift in Sources */,
				5C93ABDC2B31522100292CEC /* DrawView02.swift in Sources */,
				5C93AC582B32704B00292CEC /* ShapeView.swift in Sources */,
				5C93ABDA2B31368000292CEC /* DrawView01.swift in Sources */,
			);
			runOnlyForDeploymentPostprocessing = 0;
		};
		5C93ABB82B311D7E00292CEC /* Sources */ = {
			isa = PBXSourcesBuildPhase;
			buildActionMask = 2147483647;
			files = (
				5C93ABC12B311D7E00292CEC /* DrawDemoTests.swift in Sources */,
			);
			runOnlyForDeploymentPostprocessing = 0;
		};
		5C93ABC22B311D7E00292CEC /* Sources */ = {
			isa = PBXSourcesBuildPhase;
			buildActionMask = 2147483647;
			files = (
				5C93ABCD2B311D7E00292CEC /* DrawDemoUITestsLaunchTests.swift in Sources */,
				5C93ABCB2B311D7E00292CEC /* DrawDemoUITests.swift in Sources */,
			);
			runOnlyForDeploymentPostprocessing = 0;
		};
/* End PBXSourcesBuildPhase section */

/* Begin PBXTargetDependency section */
		5C93ABBE2B311D7E00292CEC /* PBXTargetDependency */ = {
			isa = PBXTargetDependency;
			target = 5C93ABAA2B311D7C00292CEC /* DrawDemo */;
			targetProxy = 5C93ABBD2B311D7E00292CEC /* PBXContainerItemProxy */;
		};
		5C93ABC82B311D7E00292CEC /* PBXTargetDependency */ = {
			isa = PBXTargetDependency;
			target = 5C93ABAA2B311D7C00292CEC /* DrawDemo */;
			targetProxy = 5C93ABC72B311D7E00292CEC /* PBXContainerItemProxy */;
		};
/* End PBXTargetDependency section */

/* Begin XCBuildConfiguration section */
		5C93ABCE2B311D7E00292CEC /* Debug */ = {
			isa = XCBuildConfiguration;
			buildSettings = {
				ALWAYS_SEARCH_USER_PATHS = NO;
				ASSETCATALOG_COMPILER_GENERATE_SWIFT_ASSET_SYMBOL_EXTENSIONS = YES;
				CLANG_ANALYZER_NONNULL = YES;
				CLANG_ANALYZER_NUMBER_OBJECT_CONVERSION = YES_AGGRESSIVE;
				CLANG_CXX_LANGUAGE_STANDARD = "gnu++20";
				CLANG_ENABLE_MODULES = YES;
				CLANG_ENABLE_OBJC_ARC = YES;
				CLANG_ENABLE_OBJC_WEAK = YES;
				CLANG_WARN_BLOCK_CAPTURE_AUTORELEASING = YES;
				CLANG_WARN_BOOL_CONVERSION = YES;
				CLANG_WARN_COMMA = YES;
				CLANG_WARN_CONSTANT_CONVERSION = YES;
				CLANG_WARN_DEPRECATED_OBJC_IMPLEMENTATIONS = YES;
				CLANG_WARN_DIRECT_OBJC_ISA_USAGE = YES_ERROR;
				CLANG_WARN_DOCUMENTATION_COMMENTS = YES;
				CLANG_WARN_EMPTY_BODY = YES;
				CLANG_WARN_ENUM_CONVERSION = YES;
				CLANG_WARN_INFINITE_RECURSION = YES;
				CLANG_WARN_INT_CONVERSION = YES;
				CLANG_WARN_NON_LITERAL_NULL_CONVERSION = YES;
				CLANG_WARN_OBJC_IMPLICIT_RETAIN_SELF = YES;
				CLANG_WARN_OBJC_LITERAL_CONVERSION = YES;
				CLANG_WARN_OBJC_ROOT_CLASS = YES_ERROR;
				CLANG_WARN_QUOTED_INCLUDE_IN_FRAMEWORK_HEADER = YES;
				CLANG_WARN_RANGE_LOOP_ANALYSIS = YES;
				CLANG_WARN_STRICT_PROTOTYPES = YES;
				CLANG_WARN_SUSPICIOUS_MOVE = YES;
				CLANG_WARN_UNGUARDED_AVAILABILITY = YES_AGGRESSIVE;
				CLANG_WARN_UNREACHABLE_CODE = YES;
				CLANG_WARN__DUPLICATE_METHOD_MATCH = YES;
				COPY_PHASE_STRIP = NO;
				DEBUG_INFORMATION_FORMAT = dwarf;
				ENABLE_STRICT_OBJC_MSGSEND = YES;
				ENABLE_TESTABILITY = YES;
				ENABLE_USER_SCRIPT_SANDBOXING = YES;
				GCC_C_LANGUAGE_STANDARD = gnu17;
				GCC_DYNAMIC_NO_PIC = NO;
				GCC_NO_COMMON_BLOCKS = YES;
				GCC_OPTIMIZATION_LEVEL = 0;
				GCC_PREPROCESSOR_DEFINITIONS = (
					"DEBUG=1",
					"$(inherited)",
				);
				GCC_WARN_64_TO_32_BIT_CONVERSION = YES;
				GCC_WARN_ABOUT_RETURN_TYPE = YES_ERROR;
				GCC_WARN_UNDECLARED_SELECTOR = YES;
				GCC_WARN_UNINITIALIZED_AUTOS = YES_AGGRESSIVE;
				GCC_WARN_UNUSED_FUNCTION = YES;
				GCC_WARN_UNUSED_VARIABLE = YES;
				LOCALIZATION_PREFERS_STRING_CATALOGS = YES;
				MTL_ENABLE_DEBUG_INFO = INCLUDE_SOURCE;
				MTL_FAST_MATH = YES;
				ONLY_ACTIVE_ARCH = YES;
				SWIFT_ACTIVE_COMPILATION_CONDITIONS = "DEBUG $(inherited)";
				SWIFT_OPTIMIZATION_LEVEL = "-Onone";
			};
			name = Debug;
		};
		5C93ABCF2B311D7E00292CEC /* Release */ = {
			isa = XCBuildConfiguration;
			buildSettings = {
				ALWAYS_SEARCH_USER_PATHS = NO;
				ASSETCATALOG_COMPILER_GENERATE_SWIFT_ASSET_SYMBOL_EXTENSIONS = YES;
				CLANG_ANALYZER_NONNULL = YES;
				CLANG_ANALYZER_NUMBER_OBJECT_CONVERSION = YES_AGGRESSIVE;
				CLANG_CXX_LANGUAGE_STANDARD = "gnu++20";
				CLANG_ENABLE_MODULES = YES;
				CLANG_ENABLE_OBJC_ARC = YES;
				CLANG_ENABLE_OBJC_WEAK = YES;
				CLANG_WARN_BLOCK_CAPTURE_AUTORELEASING = YES;
				CLANG_WARN_BOOL_CONVERSION = YES;
				CLANG_WARN_COMMA = YES;
				CLANG_WARN_CONSTANT_CONVERSION = YES;
				CLANG_WARN_DEPRECATED_OBJC_IMPLEMENTATIONS = YES;
				CLANG_WARN_DIRECT_OBJC_ISA_USAGE = YES_ERROR;
				CLANG_WARN_DOCUMENTATION_COMMENTS = YES;
				CLANG_WARN_EMPTY_BODY = YES;
				CLANG_WARN_ENUM_CONVERSION = YES;
				CLANG_WARN_INFINITE_RECURSION = YES;
				CLANG_WARN_INT_CONVERSION = YES;
				CLANG_WARN_NON_LITERAL_NULL_CONVERSION = YES;
				CLANG_WARN_OBJC_IMPLICIT_RETAIN_SELF = YES;
				CLANG_WARN_OBJC_LITERAL_CONVERSION = YES;
				CLANG_WARN_OBJC_ROOT_CLASS = YES_ERROR;
				CLANG_WARN_QUOTED_INCLUDE_IN_FRAMEWORK_HEADER = YES;
				CLANG_WARN_RANGE_LOOP_ANALYSIS = YES;
				CLANG_WARN_STRICT_PROTOTYPES = YES;
				CLANG_WARN_SUSPICIOUS_MOVE = YES;
				CLANG_WARN_UNGUARDED_AVAILABILITY = YES_AGGRESSIVE;
				CLANG_WARN_UNREACHABLE_CODE = YES;
				CLANG_WARN__DUPLICATE_METHOD_MATCH = YES;
				COPY_PHASE_STRIP = NO;
				DEBUG_INFORMATION_FORMAT = "dwarf-with-dsym";
				ENABLE_NS_ASSERTIONS = NO;
				ENABLE_STRICT_OBJC_MSGSEND = YES;
				ENABLE_USER_SCRIPT_SANDBOXING = YES;
				GCC_C_LANGUAGE_STANDARD = gnu17;
				GCC_NO_COMMON_BLOCKS = YES;
				GCC_WARN_64_TO_32_BIT_CONVERSION = YES;
				GCC_WARN_ABOUT_RETURN_TYPE = YES_ERROR;
				GCC_WARN_UNDECLARED_SELECTOR = YES;
				GCC_WARN_UNINITIALIZED_AUTOS = YES_AGGRESSIVE;
				GCC_WARN_UNUSED_FUNCTION = YES;
				GCC_WARN_UNUSED_VARIABLE = YES;
				LOCALIZATION_PREFERS_STRING_CATALOGS = YES;
				MTL_ENABLE_DEBUG_INFO = NO;
				MTL_FAST_MATH = YES;
				SWIFT_COMPILATION_MODE = wholemodule;
			};
			name = Release;
		};
		5C93ABD12B311D7E00292CEC /* Debug */ = {
			isa = XCBuildConfiguration;
			buildSettings = {
				ASSETCATALOG_COMPILER_APPICON_NAME = AppIcon;
				ASSETCATALOG_COMPILER_GLOBAL_ACCENT_COLOR_NAME = AccentColor;
				CODE_SIGN_ENTITLEMENTS = DrawDemo/DrawDemo.entitlements;
				CODE_SIGN_STYLE = Automatic;
				CURRENT_PROJECT_VERSION = 1;
				DEVELOPMENT_ASSET_PATHS = "\"DrawDemo/Preview Content\"";
				DEVELOPMENT_TEAM = KVX67TSKSQ;
				ENABLE_HARDENED_RUNTIME = YES;
				ENABLE_PREVIEWS = YES;
				GENERATE_INFOPLIST_FILE = YES;
				"INFOPLIST_KEY_UIApplicationSceneManifest_Generation[sdk=iphoneos*]" = YES;
				"INFOPLIST_KEY_UIApplicationSceneManifest_Generation[sdk=iphonesimulator*]" = YES;
				"INFOPLIST_KEY_UIApplicationSupportsIndirectInputEvents[sdk=iphoneos*]" = YES;
				"INFOPLIST_KEY_UIApplicationSupportsIndirectInputEvents[sdk=iphonesimulator*]" = YES;
				"INFOPLIST_KEY_UILaunchScreen_Generation[sdk=iphoneos*]" = YES;
				"INFOPLIST_KEY_UILaunchScreen_Generation[sdk=iphonesimulator*]" = YES;
				"INFOPLIST_KEY_UIStatusBarStyle[sdk=iphoneos*]" = UIStatusBarStyleDefault;
				"INFOPLIST_KEY_UIStatusBarStyle[sdk=iphonesimulator*]" = UIStatusBarStyleDefault;
				INFOPLIST_KEY_UISupportedInterfaceOrientations_iPad = "UIInterfaceOrientationPortrait UIInterfaceOrientationPortraitUpsideDown UIInterfaceOrientationLandscapeLeft UIInterfaceOrientationLandscapeRight";
				INFOPLIST_KEY_UISupportedInterfaceOrientations_iPhone = "UIInterfaceOrientationPortrait UIInterfaceOrientationLandscapeLeft UIInterfaceOrientationLandscapeRight";
				IPHONEOS_DEPLOYMENT_TARGET = 17.0;
				LD_RUNPATH_SEARCH_PATHS = "@executable_path/Frameworks";
				"LD_RUNPATH_SEARCH_PATHS[sdk=macosx*]" = "@executable_path/../Frameworks";
				MACOSX_DEPLOYMENT_TARGET = 13.5;
				MARKETING_VERSION = 1.0;
				PRODUCT_BUNDLE_IDENTIFIER = net.jihoon.DrawDemo;
				PRODUCT_NAME = "$(TARGET_NAME)";
				SDKROOT = auto;
				SUPPORTED_PLATFORMS = "iphoneos iphonesimulator macosx";
				SWIFT_EMIT_LOC_STRINGS = YES;
				SWIFT_VERSION = 5.0;
				TARGETED_DEVICE_FAMILY = "1,2";
			};
			name = Debug;
		};
		5C93ABD22B311D7E00292CEC /* Release */ = {
			isa = XCBuildConfiguration;
			buildSettings = {
				ASSETCATALOG_COMPILER_APPICON_NAME = AppIcon;
				ASSETCATALOG_COMPILER_GLOBAL_ACCENT_COLOR_NAME = AccentColor;
				CODE_SIGN_ENTITLEMENTS = DrawDemo/DrawDemo.entitlements;
				CODE_SIGN_STYLE = Automatic;
				CURRENT_PROJECT_VERSION = 1;
				DEVELOPMENT_ASSET_PATHS = "\"DrawDemo/Preview Content\"";
				DEVELOPMENT_TEAM = KVX67TSKSQ;
				ENABLE_HARDENED_RUNTIME = YES;
				ENABLE_PREVIEWS = YES;
				GENERATE_INFOPLIST_FILE = YES;
				"INFOPLIST_KEY_UIApplicationSceneManifest_Generation[sdk=iphoneos*]" = YES;
				"INFOPLIST_KEY_UIApplicationSceneManifest_Generation[sdk=iphonesimulator*]" = YES;
				"INFOPLIST_KEY_UIApplicationSupportsIndirectInputEvents[sdk=iphoneos*]" = YES;
				"INFOPLIST_KEY_UIApplicationSupportsIndirectInputEvents[sdk=iphonesimulator*]" = YES;
				"INFOPLIST_KEY_UILaunchScreen_Generation[sdk=iphoneos*]" = YES;
				"INFOPLIST_KEY_UILaunchScreen_Generation[sdk=iphonesimulator*]" = YES;
				"INFOPLIST_KEY_UIStatusBarStyle[sdk=iphoneos*]" = UIStatusBarStyleDefault;
				"INFOPLIST_KEY_UIStatusBarStyle[sdk=iphonesimulator*]" = UIStatusBarStyleDefault;
				INFOPLIST_KEY_UISupportedInterfaceOrientations_iPad = "UIInterfaceOrientationPortrait UIInterfaceOrientationPortraitUpsideDown UIInterfaceOrientationLandscapeLeft UIInterfaceOrientationLandscapeRight";
				INFOPLIST_KEY_UISupportedInterfaceOrientations_iPhone = "UIInterfaceOrientationPortrait UIInterfaceOrientationLandscapeLeft UIInterfaceOrientationLandscapeRight";
				IPHONEOS_DEPLOYMENT_TARGET = 17.0;
				LD_RUNPATH_SEARCH_PATHS = "@executable_path/Frameworks";
				"LD_RUNPATH_SEARCH_PATHS[sdk=macosx*]" = "@executable_path/../Frameworks";
				MACOSX_DEPLOYMENT_TARGET = 13.5;
				MARKETING_VERSION = 1.0;
				PRODUCT_BUNDLE_IDENTIFIER = net.jihoon.DrawDemo;
				PRODUCT_NAME = "$(TARGET_NAME)";
				SDKROOT = auto;
				SUPPORTED_PLATFORMS = "iphoneos iphonesimulator macosx";
				SWIFT_EMIT_LOC_STRINGS = YES;
				SWIFT_VERSION = 5.0;
				TARGETED_DEVICE_FAMILY = "1,2";
			};
			name = Release;
		};
		5C93ABD42B311D7E00292CEC /* Debug */ = {
			isa = XCBuildConfiguration;
			buildSettings = {
				ALWAYS_EMBED_SWIFT_STANDARD_LIBRARIES = YES;
				BUNDLE_LOADER = "$(TEST_HOST)";
				CODE_SIGN_STYLE = Automatic;
				CURRENT_PROJECT_VERSION = 1;
				DEVELOPMENT_TEAM = KVX67TSKSQ;
				GENERATE_INFOPLIST_FILE = YES;
				IPHONEOS_DEPLOYMENT_TARGET = 17.0;
				MACOSX_DEPLOYMENT_TARGET = 13.5;
				MARKETING_VERSION = 1.0;
				PRODUCT_BUNDLE_IDENTIFIER = net.jihoon.DrawDemoTests;
				PRODUCT_NAME = "$(TARGET_NAME)";
				SDKROOT = auto;
				SUPPORTED_PLATFORMS = "iphoneos iphonesimulator macosx";
				SWIFT_EMIT_LOC_STRINGS = NO;
				SWIFT_VERSION = 5.0;
				TARGETED_DEVICE_FAMILY = "1,2";
				TEST_HOST = "$(BUILT_PRODUCTS_DIR)/DrawDemo.app/$(BUNDLE_EXECUTABLE_FOLDER_PATH)/DrawDemo";
			};
			name = Debug;
		};
		5C93ABD52B311D7E00292CEC /* Release */ = {
			isa = XCBuildConfiguration;
			buildSettings = {
				ALWAYS_EMBED_SWIFT_STANDARD_LIBRARIES = YES;
				BUNDLE_LOADER = "$(TEST_HOST)";
				CODE_SIGN_STYLE = Automatic;
				CURRENT_PROJECT_VERSION = 1;
				DEVELOPMENT_TEAM = KVX67TSKSQ;
				GENERATE_INFOPLIST_FILE = YES;
				IPHONEOS_DEPLOYMENT_TARGET = 17.0;
				MACOSX_DEPLOYMENT_TARGET = 13.5;
				MARKETING_VERSION = 1.0;
				PRODUCT_BUNDLE_IDENTIFIER = net.jihoon.DrawDemoTests;
				PRODUCT_NAME = "$(TARGET_NAME)";
				SDKROOT = auto;
				SUPPORTED_PLATFORMS = "iphoneos iphonesimulator macosx";
				SWIFT_EMIT_LOC_STRINGS = NO;
				SWIFT_VERSION = 5.0;
				TARGETED_DEVICE_FAMILY = "1,2";
				TEST_HOST = "$(BUILT_PRODUCTS_DIR)/DrawDemo.app/$(BUNDLE_EXECUTABLE_FOLDER_PATH)/DrawDemo";
			};
			name = Release;
		};
		5C93ABD72B311D7E00292CEC /* Debug */ = {
			isa = XCBuildConfiguration;
			buildSettings = {
				ALWAYS_EMBED_SWIFT_STANDARD_LIBRARIES = YES;
				CODE_SIGN_STYLE = Automatic;
				CURRENT_PROJECT_VERSION = 1;
				DEVELOPMENT_TEAM = KVX67TSKSQ;
				GENERATE_INFOPLIST_FILE = YES;
				IPHONEOS_DEPLOYMENT_TARGET = 17.0;
				MACOSX_DEPLOYMENT_TARGET = 13.5;
				MARKETING_VERSION = 1.0;
				PRODUCT_BUNDLE_IDENTIFIER = net.jihoon.DrawDemoUITests;
				PRODUCT_NAME = "$(TARGET_NAME)";
				SDKROOT = auto;
				SUPPORTED_PLATFORMS = "iphoneos iphonesimulator macosx";
				SWIFT_EMIT_LOC_STRINGS = NO;
				SWIFT_VERSION = 5.0;
				TARGETED_DEVICE_FAMILY = "1,2";
				TEST_TARGET_NAME = DrawDemo;
			};
			name = Debug;
		};
		5C93ABD82B311D7E00292CEC /* Release */ = {
			isa = XCBuildConfiguration;
			buildSettings = {
				ALWAYS_EMBED_SWIFT_STANDARD_LIBRARIES = YES;
				CODE_SIGN_STYLE = Automatic;
				CURRENT_PROJECT_VERSION = 1;
				DEVELOPMENT_TEAM = KVX67TSKSQ;
				GENERATE_INFOPLIST_FILE = YES;
				IPHONEOS_DEPLOYMENT_TARGET = 17.0;
				MACOSX_DEPLOYMENT_TARGET = 13.5;
				MARKETING_VERSION = 1.0;
				PRODUCT_BUNDLE_IDENTIFIER = net.jihoon.DrawDemoUITests;
				PRODUCT_NAME = "$(TARGET_NAME)";
				SDKROOT = auto;
				SUPPORTED_PLATFORMS = "iphoneos iphonesimulator macosx";
				SWIFT_EMIT_LOC_STRINGS = NO;
				SWIFT_VERSION = 5.0;
				TARGETED_DEVICE_FAMILY = "1,2";
				TEST_TARGET_NAME = DrawDemo;
			};
			name = Release;
		};
/* End XCBuildConfiguration section */

/* Begin XCConfigurationList section */
		5C93ABA62B311D7C00292CEC /* Build configuration list for PBXProject "DrawDemo" */ = {
			isa = XCConfigurationList;
			buildConfigurations = (
				5C93ABCE2B311D7E00292CEC /* Debug */,
				5C93ABCF2B311D7E00292CEC /* Release */,
			);
			defaultConfigurationIsVisible = 0;
			defaultConfigurationName = Release;
		};
		5C93ABD02B311D7E00292CEC /* Build configuration list for PBXNativeTarget "DrawDemo" */ = {
			isa = XCConfigurationList;
			buildConfigurations = (
				5C93ABD12B311D7E00292CEC /* Debug */,
				5C93ABD22B311D7E00292CEC /* Release */,
			);
			defaultConfigurationIsVisible = 0;
			defaultConfigurationName = Release;
		};
		5C93ABD32B311D7E00292CEC /* Build configuration list for PBXNativeTarget "DrawDemoTests" */ = {
			isa = XCConfigurationList;
			buildConfigurations = (
				5C93ABD42B311D7E00292CEC /* Debug */,
				5C93ABD52B311D7E00292CEC /* Release */,
			);
			defaultConfigurationIsVisible = 0;
			defaultConfigurationName = Release;
		};
		5C93ABD62B311D7E00292CEC /* Build configuration list for PBXNativeTarget "DrawDemoUITests" */ = {
			isa = XCConfigurationList;
			buildConfigurations = (
				5C93ABD72B311D7E00292CEC /* Debug */,
				5C93ABD82B311D7E00292CEC /* Release */,
			);
			defaultConfigurationIsVisible = 0;
			defaultConfigurationName = Release;
		};
/* End XCConfigurationList section */
	};
	rootObject = 5C93ABA32B311D7C00292CEC /* Project object */;
}
